// !$*UTF8*$!
{
	archiveVersion = 1;
	classes = {
	};
	objectVersion = 55;
	objects = {

/* Begin PBXBuildFile section */
		080488B82812E95A005C697E /* MockGetAllContacts.swift in Sources */ = {isa = PBXBuildFile; fileRef = 080488B72812E95A005C697E /* MockGetAllContacts.swift */; };
		080488BA28133E8E005C697E /* MockCreateContact.swift in Sources */ = {isa = PBXBuildFile; fileRef = 080488B928133E8E005C697E /* MockCreateContact.swift */; };
		080488BC281342BB005C697E /* MockUpdateContact.swift in Sources */ = {isa = PBXBuildFile; fileRef = 080488BB281342BB005C697E /* MockUpdateContact.swift */; };
		080488BE281342DE005C697E /* MockDeleteContact.swift in Sources */ = {isa = PBXBuildFile; fileRef = 080488BD281342DE005C697E /* MockDeleteContact.swift */; };
		080488C0281342F6005C697E /* MockGetOneContact.swift in Sources */ = {isa = PBXBuildFile; fileRef = 080488BF281342F6005C697E /* MockGetOneContact.swift */; };
		080488C3281344B6005C697E /* ViewModelContactEditTests.swift in Sources */ = {isa = PBXBuildFile; fileRef = 080488C2281344B6005C697E /* ViewModelContactEditTests.swift */; };
		080488C6281344E5005C697E /* ContactEditViewModel.swift in Sources */ = {isa = PBXBuildFile; fileRef = 080488C5281344E5005C697E /* ContactEditViewModel.swift */; };
		08093CB72829182E009F8BB3 /* CoreDataContactDataSourceTests.swift in Sources */ = {isa = PBXBuildFile; fileRef = 08093CB62829182E009F8BB3 /* CoreDataContactDataSourceTests.swift */; };
		08093CBA28291C46009F8BB3 /* MockCoreDataWrapper.swift in Sources */ = {isa = PBXBuildFile; fileRef = 08093CB928291C46009F8BB3 /* MockCoreDataWrapper.swift */; };
		0809952F280DDB2900FDC78D /* ContactsApp.swift in Sources */ = {isa = PBXBuildFile; fileRef = 0809952E280DDB2900FDC78D /* ContactsApp.swift */; };
		08099531280DDB2900FDC78D /* ContentView.swift in Sources */ = {isa = PBXBuildFile; fileRef = 08099530280DDB2900FDC78D /* ContentView.swift */; };
		08099533280DDB2C00FDC78D /* Assets.xcassets in Resources */ = {isa = PBXBuildFile; fileRef = 08099532280DDB2C00FDC78D /* Assets.xcassets */; };
		08099536280DDB2C00FDC78D /* Preview Assets.xcassets in Resources */ = {isa = PBXBuildFile; fileRef = 08099535280DDB2C00FDC78D /* Preview Assets.xcassets */; };
		08099538280DDB2C00FDC78D /* Persistence.swift in Sources */ = {isa = PBXBuildFile; fileRef = 08099537280DDB2C00FDC78D /* Persistence.swift */; };
		08099567280DE08700FDC78D /* ContactRepositoryProtocol.swift in Sources */ = {isa = PBXBuildFile; fileRef = 08099566280DE08700FDC78D /* ContactRepositoryProtocol.swift */; };
		0809956A280DE32E00FDC78D /* Contact.swift in Sources */ = {isa = PBXBuildFile; fileRef = 08099569280DE32E00FDC78D /* Contact.swift */; };
		0809956C280DE44500FDC78D /* GetAllContactsUseCaseProtocol.swift in Sources */ = {isa = PBXBuildFile; fileRef = 0809956B280DE44500FDC78D /* GetAllContactsUseCaseProtocol.swift */; };
		0809956E280DE4C000FDC78D /* CreateContactUseCaseProtocol.swift in Sources */ = {isa = PBXBuildFile; fileRef = 0809956D280DE4C000FDC78D /* CreateContactUseCaseProtocol.swift */; };
		08099570280DE55400FDC78D /* DeleteContactUseCaseProtocol.swift in Sources */ = {isa = PBXBuildFile; fileRef = 0809956F280DE55400FDC78D /* DeleteContactUseCaseProtocol.swift */; };
		08099572280DE58900FDC78D /* GetContactUseCaseProtocol.swift in Sources */ = {isa = PBXBuildFile; fileRef = 08099571280DE58900FDC78D /* GetContactUseCaseProtocol.swift */; };
		08099574280DE5BB00FDC78D /* UpdateContactUseCaseProtocol.swift in Sources */ = {isa = PBXBuildFile; fileRef = 08099573280DE5BB00FDC78D /* UpdateContactUseCaseProtocol.swift */; };
		08099577280DE63300FDC78D /* ContactDataSourceProtocol.swift in Sources */ = {isa = PBXBuildFile; fileRef = 08099576280DE63300FDC78D /* ContactDataSourceProtocol.swift */; };
		0809957D280DE76B00FDC78D /* ContactCreateViewModel.swift in Sources */ = {isa = PBXBuildFile; fileRef = 0809957C280DE76B00FDC78D /* ContactCreateViewModel.swift */; };
		0809F406282A71C200C03D1A /* CoreDataWrapperProtocol.swift in Sources */ = {isa = PBXBuildFile; fileRef = 0809F405282A71C200C03D1A /* CoreDataWrapperProtocol.swift */; };
		0817335228250A7900818193 /* UseCaseContactUpdateTests.swift in Sources */ = {isa = PBXBuildFile; fileRef = 0817335128250A7900818193 /* UseCaseContactUpdateTests.swift */; };
		0817335428250ACA00818193 /* UpdateContact.swift in Sources */ = {isa = PBXBuildFile; fileRef = 0817335328250ACA00818193 /* UpdateContact.swift */; };
		0882E05C280E073700887728 /* ViewModelContactCreateTests.swift in Sources */ = {isa = PBXBuildFile; fileRef = 0882E05B280E073700887728 /* ViewModelContactCreateTests.swift */; };
		0882E05F280E0D7900887728 /* CustomError.swift in Sources */ = {isa = PBXBuildFile; fileRef = 0882E05E280E0D7900887728 /* CustomError.swift */; };
		0898F513280DEC4E001B32E9 /* Swinject in Frameworks */ = {isa = PBXBuildFile; productRef = 0898F512280DEC4E001B32E9 /* Swinject */; };
		08D69B21280E037500B8ABA8 /* CreateContact.swift in Sources */ = {isa = PBXBuildFile; fileRef = 08D69B20280E037500B8ABA8 /* CreateContact.swift */; };
		08E0B400280DED9900A24637 /* Resolver.swift in Sources */ = {isa = PBXBuildFile; fileRef = 08E0B3FF280DED9900A24637 /* Resolver.swift */; };
		08E0B402280DEDCC00A24637 /* IocContactainer.swift in Sources */ = {isa = PBXBuildFile; fileRef = 08E0B401280DEDCC00A24637 /* IocContactainer.swift */; };
		08E2B330282836E1006DF714 /* Contact.xcdatamodeld in Sources */ = {isa = PBXBuildFile; fileRef = 08E2B32E282836E1006DF714 /* Contact.xcdatamodeld */; };
		08E2B33228284C8D006DF714 /* CoreDataContactDataSource.swift in Sources */ = {isa = PBXBuildFile; fileRef = 08E2B33128284C8D006DF714 /* CoreDataContactDataSource.swift */; };
		08E2B33628284EEE006DF714 /* CoreDataWrapper.swift in Sources */ = {isa = PBXBuildFile; fileRef = 08E2B33528284EEE006DF714 /* CoreDataWrapper.swift */; };
		08F2E9F12811927D006B892A /* ContactListViewModel.swift in Sources */ = {isa = PBXBuildFile; fileRef = 08F2E9F02811927D006B892A /* ContactListViewModel.swift */; };
		08F2E9F42811984D006B892A /* ViewModelContactListTests.swift in Sources */ = {isa = PBXBuildFile; fileRef = 08F2E9F32811984D006B892A /* ViewModelContactListTests.swift */; };
		08F50936281BD7020023F755 /* UseCaseContactCreateTests.swift in Sources */ = {isa = PBXBuildFile; fileRef = 08F50935281BD7020023F755 /* UseCaseContactCreateTests.swift */; };
		08F50939281BD8770023F755 /* MockContactRepository.swift in Sources */ = {isa = PBXBuildFile; fileRef = 08F50938281BD8770023F755 /* MockContactRepository.swift */; };
		08FFEE87282B95AC0011DE72 /* CoreDataError.swift in Sources */ = {isa = PBXBuildFile; fileRef = 08FFEE86282B95AC0011DE72 /* CoreDataError.swift */; };
		08FFEE8D282BE43B0011DE72 /* UseCaseContactDeleteTests.swift in Sources */ = {isa = PBXBuildFile; fileRef = 08FFEE8C282BE43B0011DE72 /* UseCaseContactDeleteTests.swift */; };
		08FFEE8F282BE4A50011DE72 /* DeleteContact.swift in Sources */ = {isa = PBXBuildFile; fileRef = 08FFEE8E282BE4A50011DE72 /* DeleteContact.swift */; };
		08FFEE91282BF98B0011DE72 /* UseCaseContactGetAllTests.swift in Sources */ = {isa = PBXBuildFile; fileRef = 08FFEE90282BF98B0011DE72 /* UseCaseContactGetAllTests.swift */; };
		08FFEE93282BF9D30011DE72 /* GetAllContacts.swift in Sources */ = {isa = PBXBuildFile; fileRef = 08FFEE92282BF9D30011DE72 /* GetAllContacts.swift */; };
		08FFEE95282BFCAD0011DE72 /* UseCaseContactGetOneTests.swift in Sources */ = {isa = PBXBuildFile; fileRef = 08FFEE94282BFCAD0011DE72 /* UseCaseContactGetOneTests.swift */; };
		08FFEE97282BFD2F0011DE72 /* GetOneContact.swift in Sources */ = {isa = PBXBuildFile; fileRef = 08FFEE96282BFD2F0011DE72 /* GetOneContact.swift */; };
		08FFEE9A282BFFBB0011DE72 /* ContactRepositoryTests.swift in Sources */ = {isa = PBXBuildFile; fileRef = 08FFEE99282BFFBB0011DE72 /* ContactRepositoryTests.swift */; };
		08FFEE9C282C009E0011DE72 /* ContactRepository.swift in Sources */ = {isa = PBXBuildFile; fileRef = 08FFEE9B282C009E0011DE72 /* ContactRepository.swift */; };
		08FFEE9E282C03200011DE72 /* MockContactDataSource.swift in Sources */ = {isa = PBXBuildFile; fileRef = 08FFEE9D282C03200011DE72 /* MockContactDataSource.swift */; };
/* End PBXBuildFile section */

/* Begin PBXContainerItemProxy section */
		08099541280DDB2C00FDC78D /* PBXContainerItemProxy */ = {
			isa = PBXContainerItemProxy;
			containerPortal = 08099523280DDB2900FDC78D /* Project object */;
			proxyType = 1;
			remoteGlobalIDString = 0809952A280DDB2900FDC78D;
			remoteInfo = Contacts;
		};
/* End PBXContainerItemProxy section */

/* Begin PBXFileReference section */
		080488B72812E95A005C697E /* MockGetAllContacts.swift */ = {isa = PBXFileReference; lastKnownFileType = sourcecode.swift; path = MockGetAllContacts.swift; sourceTree = "<group>"; };
		080488B928133E8E005C697E /* MockCreateContact.swift */ = {isa = PBXFileReference; lastKnownFileType = sourcecode.swift; path = MockCreateContact.swift; sourceTree = "<group>"; };
		080488BB281342BB005C697E /* MockUpdateContact.swift */ = {isa = PBXFileReference; lastKnownFileType = sourcecode.swift; path = MockUpdateContact.swift; sourceTree = "<group>"; };
		080488BD281342DE005C697E /* MockDeleteContact.swift */ = {isa = PBXFileReference; lastKnownFileType = sourcecode.swift; path = MockDeleteContact.swift; sourceTree = "<group>"; };
		080488BF281342F6005C697E /* MockGetOneContact.swift */ = {isa = PBXFileReference; lastKnownFileType = sourcecode.swift; path = MockGetOneContact.swift; sourceTree = "<group>"; };
		080488C2281344B6005C697E /* ViewModelContactEditTests.swift */ = {isa = PBXFileReference; lastKnownFileType = sourcecode.swift; path = ViewModelContactEditTests.swift; sourceTree = "<group>"; };
		080488C5281344E5005C697E /* ContactEditViewModel.swift */ = {isa = PBXFileReference; lastKnownFileType = sourcecode.swift; path = ContactEditViewModel.swift; sourceTree = "<group>"; };
		08093CB62829182E009F8BB3 /* CoreDataContactDataSourceTests.swift */ = {isa = PBXFileReference; lastKnownFileType = sourcecode.swift; path = CoreDataContactDataSourceTests.swift; sourceTree = "<group>"; };
		08093CB928291C46009F8BB3 /* MockCoreDataWrapper.swift */ = {isa = PBXFileReference; lastKnownFileType = sourcecode.swift; path = MockCoreDataWrapper.swift; sourceTree = "<group>"; };
		0809952B280DDB2900FDC78D /* Contacts.app */ = {isa = PBXFileReference; explicitFileType = wrapper.application; includeInIndex = 0; path = Contacts.app; sourceTree = BUILT_PRODUCTS_DIR; };
		0809952E280DDB2900FDC78D /* ContactsApp.swift */ = {isa = PBXFileReference; lastKnownFileType = sourcecode.swift; path = ContactsApp.swift; sourceTree = "<group>"; };
		08099530280DDB2900FDC78D /* ContentView.swift */ = {isa = PBXFileReference; lastKnownFileType = sourcecode.swift; path = ContentView.swift; sourceTree = "<group>"; };
		08099532280DDB2C00FDC78D /* Assets.xcassets */ = {isa = PBXFileReference; lastKnownFileType = folder.assetcatalog; path = Assets.xcassets; sourceTree = "<group>"; };
		08099535280DDB2C00FDC78D /* Preview Assets.xcassets */ = {isa = PBXFileReference; lastKnownFileType = folder.assetcatalog; path = "Preview Assets.xcassets"; sourceTree = "<group>"; };
		08099537280DDB2C00FDC78D /* Persistence.swift */ = {isa = PBXFileReference; lastKnownFileType = sourcecode.swift; path = Persistence.swift; sourceTree = "<group>"; };
		08099540280DDB2C00FDC78D /* ContactsTests.xctest */ = {isa = PBXFileReference; explicitFileType = wrapper.cfbundle; includeInIndex = 0; path = ContactsTests.xctest; sourceTree = BUILT_PRODUCTS_DIR; };
		08099566280DE08700FDC78D /* ContactRepositoryProtocol.swift */ = {isa = PBXFileReference; lastKnownFileType = sourcecode.swift; path = ContactRepositoryProtocol.swift; sourceTree = "<group>"; };
		08099569280DE32E00FDC78D /* Contact.swift */ = {isa = PBXFileReference; lastKnownFileType = sourcecode.swift; path = Contact.swift; sourceTree = "<group>"; };
		0809956B280DE44500FDC78D /* GetAllContactsUseCaseProtocol.swift */ = {isa = PBXFileReference; lastKnownFileType = sourcecode.swift; path = GetAllContactsUseCaseProtocol.swift; sourceTree = "<group>"; };
		0809956D280DE4C000FDC78D /* CreateContactUseCaseProtocol.swift */ = {isa = PBXFileReference; lastKnownFileType = sourcecode.swift; path = CreateContactUseCaseProtocol.swift; sourceTree = "<group>"; };
		0809956F280DE55400FDC78D /* DeleteContactUseCaseProtocol.swift */ = {isa = PBXFileReference; lastKnownFileType = sourcecode.swift; path = DeleteContactUseCaseProtocol.swift; sourceTree = "<group>"; };
		08099571280DE58900FDC78D /* GetContactUseCaseProtocol.swift */ = {isa = PBXFileReference; lastKnownFileType = sourcecode.swift; path = GetContactUseCaseProtocol.swift; sourceTree = "<group>"; };
		08099573280DE5BB00FDC78D /* UpdateContactUseCaseProtocol.swift */ = {isa = PBXFileReference; lastKnownFileType = sourcecode.swift; path = UpdateContactUseCaseProtocol.swift; sourceTree = "<group>"; };
		08099576280DE63300FDC78D /* ContactDataSourceProtocol.swift */ = {isa = PBXFileReference; lastKnownFileType = sourcecode.swift; path = ContactDataSourceProtocol.swift; sourceTree = "<group>"; };
		0809957C280DE76B00FDC78D /* ContactCreateViewModel.swift */ = {isa = PBXFileReference; lastKnownFileType = sourcecode.swift; path = ContactCreateViewModel.swift; sourceTree = "<group>"; };
		0809F405282A71C200C03D1A /* CoreDataWrapperProtocol.swift */ = {isa = PBXFileReference; lastKnownFileType = sourcecode.swift; path = CoreDataWrapperProtocol.swift; sourceTree = "<group>"; };
		0817335128250A7900818193 /* UseCaseContactUpdateTests.swift */ = {isa = PBXFileReference; lastKnownFileType = sourcecode.swift; path = UseCaseContactUpdateTests.swift; sourceTree = "<group>"; };
		0817335328250ACA00818193 /* UpdateContact.swift */ = {isa = PBXFileReference; lastKnownFileType = sourcecode.swift; path = UpdateContact.swift; sourceTree = "<group>"; };
		0882E05B280E073700887728 /* ViewModelContactCreateTests.swift */ = {isa = PBXFileReference; lastKnownFileType = sourcecode.swift; path = ViewModelContactCreateTests.swift; sourceTree = "<group>"; };
		0882E05E280E0D7900887728 /* CustomError.swift */ = {isa = PBXFileReference; lastKnownFileType = sourcecode.swift; path = CustomError.swift; sourceTree = "<group>"; };
		08D4BA732812784200A7A4F7 /* XCTest.framework */ = {isa = PBXFileReference; lastKnownFileType = wrapper.framework; name = XCTest.framework; path = Platforms/iPhoneOS.platform/Developer/Library/Frameworks/XCTest.framework; sourceTree = DEVELOPER_DIR; };
		08D69B20280E037500B8ABA8 /* CreateContact.swift */ = {isa = PBXFileReference; lastKnownFileType = sourcecode.swift; path = CreateContact.swift; sourceTree = "<group>"; };
		08E0B3FF280DED9900A24637 /* Resolver.swift */ = {isa = PBXFileReference; lastKnownFileType = sourcecode.swift; path = Resolver.swift; sourceTree = "<group>"; };
		08E0B401280DEDCC00A24637 /* IocContactainer.swift */ = {isa = PBXFileReference; lastKnownFileType = sourcecode.swift; path = IocContactainer.swift; sourceTree = "<group>"; };
		08E2B32F282836E1006DF714 /* Contact.xcdatamodel */ = {isa = PBXFileReference; lastKnownFileType = wrapper.xcdatamodel; path = Contact.xcdatamodel; sourceTree = "<group>"; };
		08E2B33128284C8D006DF714 /* CoreDataContactDataSource.swift */ = {isa = PBXFileReference; lastKnownFileType = sourcecode.swift; path = CoreDataContactDataSource.swift; sourceTree = "<group>"; };
		08E2B33528284EEE006DF714 /* CoreDataWrapper.swift */ = {isa = PBXFileReference; lastKnownFileType = sourcecode.swift; path = CoreDataWrapper.swift; sourceTree = "<group>"; };
		08F2E9F02811927D006B892A /* ContactListViewModel.swift */ = {isa = PBXFileReference; lastKnownFileType = sourcecode.swift; path = ContactListViewModel.swift; sourceTree = "<group>"; };
		08F2E9F32811984D006B892A /* ViewModelContactListTests.swift */ = {isa = PBXFileReference; lastKnownFileType = sourcecode.swift; path = ViewModelContactListTests.swift; sourceTree = "<group>"; };
		08F50935281BD7020023F755 /* UseCaseContactCreateTests.swift */ = {isa = PBXFileReference; lastKnownFileType = sourcecode.swift; path = UseCaseContactCreateTests.swift; sourceTree = "<group>"; };
		08F50938281BD8770023F755 /* MockContactRepository.swift */ = {isa = PBXFileReference; lastKnownFileType = sourcecode.swift; path = MockContactRepository.swift; sourceTree = "<group>"; };
		08FFEE86282B95AC0011DE72 /* CoreDataError.swift */ = {isa = PBXFileReference; lastKnownFileType = sourcecode.swift; path = CoreDataError.swift; sourceTree = "<group>"; };
		08FFEE8C282BE43B0011DE72 /* UseCaseContactDeleteTests.swift */ = {isa = PBXFileReference; lastKnownFileType = sourcecode.swift; path = UseCaseContactDeleteTests.swift; sourceTree = "<group>"; };
		08FFEE8E282BE4A50011DE72 /* DeleteContact.swift */ = {isa = PBXFileReference; lastKnownFileType = sourcecode.swift; path = DeleteContact.swift; sourceTree = "<group>"; };
		08FFEE90282BF98B0011DE72 /* UseCaseContactGetAllTests.swift */ = {isa = PBXFileReference; lastKnownFileType = sourcecode.swift; path = UseCaseContactGetAllTests.swift; sourceTree = "<group>"; };
		08FFEE92282BF9D30011DE72 /* GetAllContacts.swift */ = {isa = PBXFileReference; lastKnownFileType = sourcecode.swift; path = GetAllContacts.swift; sourceTree = "<group>"; };
		08FFEE94282BFCAD0011DE72 /* UseCaseContactGetOneTests.swift */ = {isa = PBXFileReference; lastKnownFileType = sourcecode.swift; path = UseCaseContactGetOneTests.swift; sourceTree = "<group>"; };
		08FFEE96282BFD2F0011DE72 /* GetOneContact.swift */ = {isa = PBXFileReference; lastKnownFileType = sourcecode.swift; path = GetOneContact.swift; sourceTree = "<group>"; };
		08FFEE99282BFFBB0011DE72 /* ContactRepositoryTests.swift */ = {isa = PBXFileReference; lastKnownFileType = sourcecode.swift; path = ContactRepositoryTests.swift; sourceTree = "<group>"; };
		08FFEE9B282C009E0011DE72 /* ContactRepository.swift */ = {isa = PBXFileReference; lastKnownFileType = sourcecode.swift; path = ContactRepository.swift; sourceTree = "<group>"; };
		08FFEE9D282C03200011DE72 /* MockContactDataSource.swift */ = {isa = PBXFileReference; lastKnownFileType = sourcecode.swift; path = MockContactDataSource.swift; sourceTree = "<group>"; };
/* End PBXFileReference section */

/* Begin PBXFrameworksBuildPhase section */
		08099528280DDB2900FDC78D /* Frameworks */ = {
			isa = PBXFrameworksBuildPhase;
			buildActionMask = 2147483647;
			files = (
				0898F513280DEC4E001B32E9 /* Swinject in Frameworks */,
			);
			runOnlyForDeploymentPostprocessing = 0;
		};
		0809953D280DDB2C00FDC78D /* Frameworks */ = {
			isa = PBXFrameworksBuildPhase;
			buildActionMask = 2147483647;
			files = (
			);
			runOnlyForDeploymentPostprocessing = 0;
		};
/* End PBXFrameworksBuildPhase section */

/* Begin PBXGroup section */
		080488B22812E8FA005C697E /* Mocks */ = {
			isa = PBXGroup;
			children = (
				080488B42812E90D005C697E /* Data */,
				080488B32812E901005C697E /* Domain */,
			);
			path = Mocks;
			sourceTree = "<group>";
		};
		080488B32812E901005C697E /* Domain */ = {
			isa = PBXGroup;
			children = (
				08F50937281BD8620023F755 /* Repositories */,
				080488B52812E914005C697E /* UseCases */,
			);
			path = Domain;
			sourceTree = "<group>";
		};
		080488B42812E90D005C697E /* Data */ = {
			isa = PBXGroup;
			children = (
				08FFEE8B282BE3290011DE72 /* DataSources */,
			);
			path = Data;
			sourceTree = "<group>";
		};
		080488B52812E914005C697E /* UseCases */ = {
			isa = PBXGroup;
			children = (
				080488B62812E925005C697E /* Contact */,
			);
			path = UseCases;
			sourceTree = "<group>";
		};
		080488B62812E925005C697E /* Contact */ = {
			isa = PBXGroup;
			children = (
				080488B72812E95A005C697E /* MockGetAllContacts.swift */,
				080488B928133E8E005C697E /* MockCreateContact.swift */,
				080488BD281342DE005C697E /* MockDeleteContact.swift */,
				080488BF281342F6005C697E /* MockGetOneContact.swift */,
				080488BB281342BB005C697E /* MockUpdateContact.swift */,
			);
			path = Contact;
			sourceTree = "<group>";
		};
		080488C128134492005C697E /* Edit */ = {
			isa = PBXGroup;
			children = (
				080488C2281344B6005C697E /* ViewModelContactEditTests.swift */,
			);
			path = Edit;
			sourceTree = "<group>";
		};
		080488C4281344D7005C697E /* Edit */ = {
			isa = PBXGroup;
			children = (
				080488C5281344E5005C697E /* ContactEditViewModel.swift */,
			);
			path = Edit;
			sourceTree = "<group>";
		};
		08093CB42829180E009F8BB3 /* DataSources */ = {
			isa = PBXGroup;
			children = (
				08093CB528291817009F8BB3 /* CoreData */,
			);
			path = DataSources;
			sourceTree = "<group>";
		};
		08093CB528291817009F8BB3 /* CoreData */ = {
			isa = PBXGroup;
			children = (
				08093CB62829182E009F8BB3 /* CoreDataContactDataSourceTests.swift */,
			);
			path = CoreData;
			sourceTree = "<group>";
		};
		08093CB828291C2D009F8BB3 /* CoreData */ = {
			isa = PBXGroup;
			children = (
				08FFEE88282B9D870011DE72 /* Wrappers */,
			);
			path = CoreData;
			sourceTree = "<group>";
		};
		08099522280DDB2900FDC78D = {
			isa = PBXGroup;
			children = (
				0809952D280DDB2900FDC78D /* Contacts */,
				08099543280DDB2C00FDC78D /* ContactsTests */,
				0809952C280DDB2900FDC78D /* Products */,
				08D4BA722812784200A7A4F7 /* Frameworks */,
			);
			sourceTree = "<group>";
		};
		0809952C280DDB2900FDC78D /* Products */ = {
			isa = PBXGroup;
			children = (
				0809952B280DDB2900FDC78D /* Contacts.app */,
				08099540280DDB2C00FDC78D /* ContactsTests.xctest */,
			);
			name = Products;
			sourceTree = "<group>";
		};
		0809952D280DDB2900FDC78D /* Contacts */ = {
			isa = PBXGroup;
			children = (
				08E0B3FE280DED8500A24637 /* DI */,
				0809955F280DDFC400FDC78D /* Presentation */,
				0809955E280DDFBC00FDC78D /* Domain */,
				0809955D280DDFA000FDC78D /* Data */,
				0809952E280DDB2900FDC78D /* ContactsApp.swift */,
				08099530280DDB2900FDC78D /* ContentView.swift */,
				08099532280DDB2C00FDC78D /* Assets.xcassets */,
				08099537280DDB2C00FDC78D /* Persistence.swift */,
				08099534280DDB2C00FDC78D /* Preview Content */,
			);
			path = Contacts;
			sourceTree = "<group>";
		};
		08099534280DDB2C00FDC78D /* Preview Content */ = {
			isa = PBXGroup;
			children = (
				08099535280DDB2C00FDC78D /* Preview Assets.xcassets */,
			);
			path = "Preview Content";
			sourceTree = "<group>";
		};
		08099543280DDB2C00FDC78D /* ContactsTests */ = {
			isa = PBXGroup;
			children = (
				080488B22812E8FA005C697E /* Mocks */,
				08E0B405280DF01300A24637 /* Presentation */,
				08E0B404280DF00B00A24637 /* Domain */,
				08E0B403280DF00500A24637 /* Data */,
			);
			path = ContactsTests;
			sourceTree = "<group>";
		};
		0809955D280DDFA000FDC78D /* Data */ = {
			isa = PBXGroup;
			children = (
				08FFEE85282B959B0011DE72 /* Errors */,
				0817334F2825056500818193 /* DataSources */,
				08099575280DE60600FDC78D /* Protocols */,
			);
			path = Data;
			sourceTree = "<group>";
		};
		0809955E280DDFBC00FDC78D /* Domain */ = {
			isa = PBXGroup;
			children = (
				0882E05D280E0D6800887728 /* Errors */,
				08099568280DE31D00FDC78D /* Models */,
				08099562280DDFFA00FDC78D /* Repositories */,
				08099561280DDFEB00FDC78D /* UseCases */,
				08099560280DDFD600FDC78D /* Protocols */,
			);
			path = Domain;
			sourceTree = "<group>";
		};
		0809955F280DDFC400FDC78D /* Presentation */ = {
			isa = PBXGroup;
			children = (
				08099578280DE71C00FDC78D /* Contact */,
			);
			path = Presentation;
			sourceTree = "<group>";
		};
		08099560280DDFD600FDC78D /* Protocols */ = {
			isa = PBXGroup;
			children = (
				08099564280DE04E00FDC78D /* Repositories */,
				08099563280DE04700FDC78D /* UseCases */,
			);
			path = Protocols;
			sourceTree = "<group>";
		};
		08099561280DDFEB00FDC78D /* UseCases */ = {
			isa = PBXGroup;
			children = (
				08D69B1F280E036600B8ABA8 /* Contact */,
			);
			path = UseCases;
			sourceTree = "<group>";
		};
		08099562280DDFFA00FDC78D /* Repositories */ = {
			isa = PBXGroup;
			children = (
				08FFEE9B282C009E0011DE72 /* ContactRepository.swift */,
			);
			path = Repositories;
			sourceTree = "<group>";
		};
		08099563280DE04700FDC78D /* UseCases */ = {
			isa = PBXGroup;
			children = (
				08099565280DE06E00FDC78D /* Contact */,
			);
			path = UseCases;
			sourceTree = "<group>";
		};
		08099564280DE04E00FDC78D /* Repositories */ = {
			isa = PBXGroup;
			children = (
				08099566280DE08700FDC78D /* ContactRepositoryProtocol.swift */,
			);
			path = Repositories;
			sourceTree = "<group>";
		};
		08099565280DE06E00FDC78D /* Contact */ = {
			isa = PBXGroup;
			children = (
				0809956B280DE44500FDC78D /* GetAllContactsUseCaseProtocol.swift */,
				0809956D280DE4C000FDC78D /* CreateContactUseCaseProtocol.swift */,
				0809956F280DE55400FDC78D /* DeleteContactUseCaseProtocol.swift */,
				08099571280DE58900FDC78D /* GetContactUseCaseProtocol.swift */,
				08099573280DE5BB00FDC78D /* UpdateContactUseCaseProtocol.swift */,
			);
			path = Contact;
			sourceTree = "<group>";
		};
		08099568280DE31D00FDC78D /* Models */ = {
			isa = PBXGroup;
			children = (
				08099569280DE32E00FDC78D /* Contact.swift */,
			);
			path = Models;
			sourceTree = "<group>";
		};
		08099575280DE60600FDC78D /* Protocols */ = {
			isa = PBXGroup;
			children = (
				0809F403282A71A600C03D1A /* Wrappers */,
				08099576280DE63300FDC78D /* ContactDataSourceProtocol.swift */,
			);
			path = Protocols;
			sourceTree = "<group>";
		};
		08099578280DE71C00FDC78D /* Contact */ = {
			isa = PBXGroup;
			children = (
				080488C4281344D7005C697E /* Edit */,
				0809957A280DE73900FDC78D /* List */,
				08099579280DE72E00FDC78D /* Create */,
			);
			path = Contact;
			sourceTree = "<group>";
		};
		08099579280DE72E00FDC78D /* Create */ = {
			isa = PBXGroup;
			children = (
				0809957C280DE76B00FDC78D /* ContactCreateViewModel.swift */,
			);
			path = Create;
			sourceTree = "<group>";
		};
		0809957A280DE73900FDC78D /* List */ = {
			isa = PBXGroup;
			children = (
				08F2E9F02811927D006B892A /* ContactListViewModel.swift */,
			);
			path = List;
			sourceTree = "<group>";
		};
		0809F403282A71A600C03D1A /* Wrappers */ = {
			isa = PBXGroup;
			children = (
				0809F405282A71C200C03D1A /* CoreDataWrapperProtocol.swift */,
			);
			path = Wrappers;
			sourceTree = "<group>";
		};
		0817334F2825056500818193 /* DataSources */ = {
			isa = PBXGroup;
			children = (
				081733502825059800818193 /* CoreData */,
			);
			path = DataSources;
			sourceTree = "<group>";
		};
		081733502825059800818193 /* CoreData */ = {
			isa = PBXGroup;
			children = (
				08E2B33428284EDB006DF714 /* Wrappers */,
				08E2B32D2828369C006DF714 /* Entities */,
				08E2B33128284C8D006DF714 /* CoreDataContactDataSource.swift */,
			);
			path = CoreData;
			sourceTree = "<group>";
		};
		0882E05D280E0D6800887728 /* Errors */ = {
			isa = PBXGroup;
			children = (
				0882E05E280E0D7900887728 /* CustomError.swift */,
			);
			path = Errors;
			sourceTree = "<group>";
		};
		08D4BA722812784200A7A4F7 /* Frameworks */ = {
			isa = PBXGroup;
			children = (
				08D4BA732812784200A7A4F7 /* XCTest.framework */,
			);
			name = Frameworks;
			sourceTree = "<group>";
		};
		08D69B1F280E036600B8ABA8 /* Contact */ = {
			isa = PBXGroup;
			children = (
				08D69B20280E037500B8ABA8 /* CreateContact.swift */,
				0817335328250ACA00818193 /* UpdateContact.swift */,
				08FFEE8E282BE4A50011DE72 /* DeleteContact.swift */,
				08FFEE92282BF9D30011DE72 /* GetAllContacts.swift */,
				08FFEE96282BFD2F0011DE72 /* GetOneContact.swift */,
			);
			path = Contact;
			sourceTree = "<group>";
		};
		08E0B3FE280DED8500A24637 /* DI */ = {
			isa = PBXGroup;
			children = (
				08E0B3FF280DED9900A24637 /* Resolver.swift */,
				08E0B401280DEDCC00A24637 /* IocContactainer.swift */,
			);
			path = DI;
			sourceTree = "<group>";
		};
		08E0B403280DF00500A24637 /* Data */ = {
			isa = PBXGroup;
			children = (
				08093CB42829180E009F8BB3 /* DataSources */,
			);
			path = Data;
			sourceTree = "<group>";
		};
		08E0B404280DF00B00A24637 /* Domain */ = {
			isa = PBXGroup;
			children = (
				08FFEE98282BFFA50011DE72 /* Repositories */,
				08E0B406280DF02100A24637 /* UseCases */,
			);
			path = Domain;
			sourceTree = "<group>";
		};
		08E0B405280DF01300A24637 /* Presentation */ = {
			isa = PBXGroup;
			children = (
				08E0B408280DF04000A24637 /* Contact */,
			);
			path = Presentation;
			sourceTree = "<group>";
		};
		08E0B406280DF02100A24637 /* UseCases */ = {
			isa = PBXGroup;
			children = (
				08E0B407280DF02700A24637 /* Contact */,
			);
			path = UseCases;
			sourceTree = "<group>";
		};
		08E0B407280DF02700A24637 /* Contact */ = {
			isa = PBXGroup;
			children = (
				08F50935281BD7020023F755 /* UseCaseContactCreateTests.swift */,
				0817335128250A7900818193 /* UseCaseContactUpdateTests.swift */,
				08FFEE8C282BE43B0011DE72 /* UseCaseContactDeleteTests.swift */,
				08FFEE90282BF98B0011DE72 /* UseCaseContactGetAllTests.swift */,
				08FFEE94282BFCAD0011DE72 /* UseCaseContactGetOneTests.swift */,
			);
			path = Contact;
			sourceTree = "<group>";
		};
		08E0B408280DF04000A24637 /* Contact */ = {
			isa = PBXGroup;
			children = (
				080488C128134492005C697E /* Edit */,
				08F2E9F22811983A006B892A /* List */,
				08E0B409280DF04F00A24637 /* Create */,
			);
			path = Contact;
			sourceTree = "<group>";
		};
		08E0B409280DF04F00A24637 /* Create */ = {
			isa = PBXGroup;
			children = (
				0882E05B280E073700887728 /* ViewModelContactCreateTests.swift */,
			);
			path = Create;
			sourceTree = "<group>";
		};
		08E2B32D2828369C006DF714 /* Entities */ = {
			isa = PBXGroup;
			children = (
				08E2B32E282836E1006DF714 /* Contact.xcdatamodeld */,
			);
			path = Entities;
			sourceTree = "<group>";
		};
		08E2B33428284EDB006DF714 /* Wrappers */ = {
			isa = PBXGroup;
			children = (
				08E2B33528284EEE006DF714 /* CoreDataWrapper.swift */,
			);
			path = Wrappers;
			sourceTree = "<group>";
		};
		08F2E9F22811983A006B892A /* List */ = {
			isa = PBXGroup;
			children = (
				08F2E9F32811984D006B892A /* ViewModelContactListTests.swift */,
			);
			path = List;
			sourceTree = "<group>";
		};
		08F50937281BD8620023F755 /* Repositories */ = {
			isa = PBXGroup;
			children = (
				08F50938281BD8770023F755 /* MockContactRepository.swift */,
			);
			path = Repositories;
			sourceTree = "<group>";
		};
		08FFEE85282B959B0011DE72 /* Errors */ = {
			isa = PBXGroup;
			children = (
				08FFEE86282B95AC0011DE72 /* CoreDataError.swift */,
			);
			path = Errors;
			sourceTree = "<group>";
		};
		08FFEE88282B9D870011DE72 /* Wrappers */ = {
			isa = PBXGroup;
			children = (
				08093CB928291C46009F8BB3 /* MockCoreDataWrapper.swift */,
			);
			path = Wrappers;
			sourceTree = "<group>";
		};
		08FFEE8B282BE3290011DE72 /* DataSources */ = {
			isa = PBXGroup;
			children = (
				08FFEE9D282C03200011DE72 /* MockContactDataSource.swift */,
				08093CB828291C2D009F8BB3 /* CoreData */,
			);
			path = DataSources;
			sourceTree = "<group>";
		};
		08FFEE98282BFFA50011DE72 /* Repositories */ = {
			isa = PBXGroup;
			children = (
				08FFEE99282BFFBB0011DE72 /* ContactRepositoryTests.swift */,
			);
			path = Repositories;
			sourceTree = "<group>";
		};
/* End PBXGroup section */

/* Begin PBXNativeTarget section */
		0809952A280DDB2900FDC78D /* Contacts */ = {
			isa = PBXNativeTarget;
			buildConfigurationList = 08099554280DDB2C00FDC78D /* Build configuration list for PBXNativeTarget "Contacts" */;
			buildPhases = (
				08099527280DDB2900FDC78D /* Sources */,
				08099528280DDB2900FDC78D /* Frameworks */,
				08099529280DDB2900FDC78D /* Resources */,
			);
			buildRules = (
			);
			dependencies = (
			);
			name = Contacts;
			packageProductDependencies = (
				0898F512280DEC4E001B32E9 /* Swinject */,
			);
			productName = Contacts;
			productReference = 0809952B280DDB2900FDC78D /* Contacts.app */;
			productType = "com.apple.product-type.application";
		};
		0809953F280DDB2C00FDC78D /* ContactsTests */ = {
			isa = PBXNativeTarget;
			buildConfigurationList = 08099557280DDB2C00FDC78D /* Build configuration list for PBXNativeTarget "ContactsTests" */;
			buildPhases = (
				3D431FC6290C35CA5543170D /* Generate Mockingbird Mocks */,
				0809953C280DDB2C00FDC78D /* Sources */,
				0809953D280DDB2C00FDC78D /* Frameworks */,
				0809953E280DDB2C00FDC78D /* Resources */,
			);
			buildRules = (
			);
			dependencies = (
				08099542280DDB2C00FDC78D /* PBXTargetDependency */,
			);
			name = ContactsTests;
			productName = ContactsTests;
			productReference = 08099540280DDB2C00FDC78D /* ContactsTests.xctest */;
			productType = "com.apple.product-type.bundle.unit-test";
		};
/* End PBXNativeTarget section */

/* Begin PBXProject section */
		08099523280DDB2900FDC78D /* Project object */ = {
			isa = PBXProject;
			attributes = {
				BuildIndependentTargetsInParallel = 1;
				LastSwiftUpdateCheck = 1330;
				LastUpgradeCheck = 1330;
				TargetAttributes = {
					0809952A280DDB2900FDC78D = {
						CreatedOnToolsVersion = 13.3.1;
					};
					0809953F280DDB2C00FDC78D = {
						CreatedOnToolsVersion = 13.3.1;
						TestTargetID = 0809952A280DDB2900FDC78D;
					};
				};
			};
			buildConfigurationList = 08099526280DDB2900FDC78D /* Build configuration list for PBXProject "Contacts" */;
			compatibilityVersion = "Xcode 13.0";
			developmentRegion = en;
			hasScannedForEncodings = 0;
			knownRegions = (
				en,
				Base,
			);
			mainGroup = 08099522280DDB2900FDC78D;
			packageReferences = (
				0898F511280DEC4E001B32E9 /* XCRemoteSwiftPackageReference "Swinject" */,
			);
			productRefGroup = 0809952C280DDB2900FDC78D /* Products */;
			projectDirPath = "";
			projectRoot = "";
			targets = (
				0809952A280DDB2900FDC78D /* Contacts */,
				0809953F280DDB2C00FDC78D /* ContactsTests */,
			);
		};
/* End PBXProject section */

/* Begin PBXResourcesBuildPhase section */
		08099529280DDB2900FDC78D /* Resources */ = {
			isa = PBXResourcesBuildPhase;
			buildActionMask = 2147483647;
			files = (
				08099536280DDB2C00FDC78D /* Preview Assets.xcassets in Resources */,
				08099533280DDB2C00FDC78D /* Assets.xcassets in Resources */,
			);
			runOnlyForDeploymentPostprocessing = 0;
		};
		0809953E280DDB2C00FDC78D /* Resources */ = {
			isa = PBXResourcesBuildPhase;
			buildActionMask = 2147483647;
			files = (
			);
			runOnlyForDeploymentPostprocessing = 0;
		};
/* End PBXResourcesBuildPhase section */

/* Begin PBXShellScriptBuildPhase section */
		3D431FC6290C35CA5543170D /* Generate Mockingbird Mocks */ = {
			isa = PBXShellScriptBuildPhase;
			alwaysOutOfDate = 1;
			buildActionMask = 2147483647;
			files = (
			);
			inputPaths = (
			);
			name = "Generate Mockingbird Mocks";
			outputPaths = (
				"$(SRCROOT)/MockingbirdMocks/ContactsTests-ContactsMocks.generated.swift",
			);
			runOnlyForDeploymentPostprocessing = 0;
			shellPath = /bin/sh;
			shellScript = "set -eu\n\n# Prevent Xcode 13 from running this script while indexing.\n[[ \"${ACTION}\" == \"indexbuild\" ]] && exit 0\n\n\"/Volumes/SSD/developer/Xcode/DerivedData/Contacts-bftyyzvbapskucgpajgfqvfdmssl/SourcePackages/checkouts/mockingbird/mockingbird\" generate --targets \"Contacts\" --outputs \"${SRCROOT}/MockingbirdMocks/ContactsTests-ContactsMocks.generated.swift\"";
		};
/* End PBXShellScriptBuildPhase section */

/* Begin PBXSourcesBuildPhase section */
		08099527280DDB2900FDC78D /* Sources */ = {
			isa = PBXSourcesBuildPhase;
			buildActionMask = 2147483647;
			files = (
				08E2B33228284C8D006DF714 /* CoreDataContactDataSource.swift in Sources */,
				08E2B33628284EEE006DF714 /* CoreDataWrapper.swift in Sources */,
				08099574280DE5BB00FDC78D /* UpdateContactUseCaseProtocol.swift in Sources */,
				0809956A280DE32E00FDC78D /* Contact.swift in Sources */,
				0882E05F280E0D7900887728 /* CustomError.swift in Sources */,
				08099538280DDB2C00FDC78D /* Persistence.swift in Sources */,
				08FFEE8F282BE4A50011DE72 /* DeleteContact.swift in Sources */,
				08099531280DDB2900FDC78D /* ContentView.swift in Sources */,
				0817335428250ACA00818193 /* UpdateContact.swift in Sources */,
				08E0B400280DED9900A24637 /* Resolver.swift in Sources */,
				08E2B330282836E1006DF714 /* Contact.xcdatamodeld in Sources */,
				08099577280DE63300FDC78D /* ContactDataSourceProtocol.swift in Sources */,
				08FFEE87282B95AC0011DE72 /* CoreDataError.swift in Sources */,
				08E0B402280DEDCC00A24637 /* IocContactainer.swift in Sources */,
				08F2E9F12811927D006B892A /* ContactListViewModel.swift in Sources */,
				0809952F280DDB2900FDC78D /* ContactsApp.swift in Sources */,
				08099572280DE58900FDC78D /* GetContactUseCaseProtocol.swift in Sources */,
				0809956C280DE44500FDC78D /* GetAllContactsUseCaseProtocol.swift in Sources */,
				08099570280DE55400FDC78D /* DeleteContactUseCaseProtocol.swift in Sources */,
				0809957D280DE76B00FDC78D /* ContactCreateViewModel.swift in Sources */,
				080488C6281344E5005C697E /* ContactEditViewModel.swift in Sources */,
				08FFEE97282BFD2F0011DE72 /* GetOneContact.swift in Sources */,
				0809956E280DE4C000FDC78D /* CreateContactUseCaseProtocol.swift in Sources */,
				08D69B21280E037500B8ABA8 /* CreateContact.swift in Sources */,
				08FFEE93282BF9D30011DE72 /* GetAllContacts.swift in Sources */,
				0809F406282A71C200C03D1A /* CoreDataWrapperProtocol.swift in Sources */,
				08FFEE9C282C009E0011DE72 /* ContactRepository.swift in Sources */,
				08099567280DE08700FDC78D /* ContactRepositoryProtocol.swift in Sources */,
			);
			runOnlyForDeploymentPostprocessing = 0;
		};
		0809953C280DDB2C00FDC78D /* Sources */ = {
			isa = PBXSourcesBuildPhase;
			buildActionMask = 2147483647;
			files = (
				08FFEE9A282BFFBB0011DE72 /* ContactRepositoryTests.swift in Sources */,
				08F50936281BD7020023F755 /* UseCaseContactCreateTests.swift in Sources */,
				0817335228250A7900818193 /* UseCaseContactUpdateTests.swift in Sources */,
				08F2E9F42811984D006B892A /* ViewModelContactListTests.swift in Sources */,
				08FFEE9E282C03200011DE72 /* MockContactDataSource.swift in Sources */,
				08FFEE8D282BE43B0011DE72 /* UseCaseContactDeleteTests.swift in Sources */,
				08FFEE95282BFCAD0011DE72 /* UseCaseContactGetOneTests.swift in Sources */,
				080488BA28133E8E005C697E /* MockCreateContact.swift in Sources */,
				080488BE281342DE005C697E /* MockDeleteContact.swift in Sources */,
				08F50939281BD8770023F755 /* MockContactRepository.swift in Sources */,
				0882E05C280E073700887728 /* ViewModelContactCreateTests.swift in Sources */,
				080488C0281342F6005C697E /* MockGetOneContact.swift in Sources */,
				08093CB72829182E009F8BB3 /* CoreDataContactDataSourceTests.swift in Sources */,
				080488C3281344B6005C697E /* ViewModelContactEditTests.swift in Sources */,
				08093CBA28291C46009F8BB3 /* MockCoreDataWrapper.swift in Sources */,
				08FFEE91282BF98B0011DE72 /* UseCaseContactGetAllTests.swift in Sources */,
				080488B82812E95A005C697E /* MockGetAllContacts.swift in Sources */,
				080488BC281342BB005C697E /* MockUpdateContact.swift in Sources */,
			);
			runOnlyForDeploymentPostprocessing = 0;
		};
/* End PBXSourcesBuildPhase section */

/* Begin PBXTargetDependency section */
		08099542280DDB2C00FDC78D /* PBXTargetDependency */ = {
			isa = PBXTargetDependency;
			target = 0809952A280DDB2900FDC78D /* Contacts */;
			targetProxy = 08099541280DDB2C00FDC78D /* PBXContainerItemProxy */;
		};
/* End PBXTargetDependency section */

/* Begin XCBuildConfiguration section */
		08099552280DDB2C00FDC78D /* Debug */ = {
			isa = XCBuildConfiguration;
			buildSettings = {
				ALWAYS_SEARCH_USER_PATHS = NO;
				CLANG_ANALYZER_NONNULL = YES;
				CLANG_ANALYZER_NUMBER_OBJECT_CONVERSION = YES_AGGRESSIVE;
				CLANG_CXX_LANGUAGE_STANDARD = "gnu++17";
				CLANG_ENABLE_MODULES = YES;
				CLANG_ENABLE_OBJC_ARC = YES;
				CLANG_ENABLE_OBJC_WEAK = YES;
				CLANG_WARN_BLOCK_CAPTURE_AUTORELEASING = YES;
				CLANG_WARN_BOOL_CONVERSION = YES;
				CLANG_WARN_COMMA = YES;
				CLANG_WARN_CONSTANT_CONVERSION = YES;
				CLANG_WARN_DEPRECATED_OBJC_IMPLEMENTATIONS = YES;
				CLANG_WARN_DIRECT_OBJC_ISA_USAGE = YES_ERROR;
				CLANG_WARN_DOCUMENTATION_COMMENTS = YES;
				CLANG_WARN_EMPTY_BODY = YES;
				CLANG_WARN_ENUM_CONVERSION = YES;
				CLANG_WARN_INFINITE_RECURSION = YES;
				CLANG_WARN_INT_CONVERSION = YES;
				CLANG_WARN_NON_LITERAL_NULL_CONVERSION = YES;
				CLANG_WARN_OBJC_IMPLICIT_RETAIN_SELF = YES;
				CLANG_WARN_OBJC_LITERAL_CONVERSION = YES;
				CLANG_WARN_OBJC_ROOT_CLASS = YES_ERROR;
				CLANG_WARN_QUOTED_INCLUDE_IN_FRAMEWORK_HEADER = YES;
				CLANG_WARN_RANGE_LOOP_ANALYSIS = YES;
				CLANG_WARN_STRICT_PROTOTYPES = YES;
				CLANG_WARN_SUSPICIOUS_MOVE = YES;
				CLANG_WARN_UNGUARDED_AVAILABILITY = YES_AGGRESSIVE;
				CLANG_WARN_UNREACHABLE_CODE = YES;
				CLANG_WARN__DUPLICATE_METHOD_MATCH = YES;
				COPY_PHASE_STRIP = NO;
				DEBUG_INFORMATION_FORMAT = dwarf;
				ENABLE_STRICT_OBJC_MSGSEND = YES;
				ENABLE_TESTABILITY = YES;
				GCC_C_LANGUAGE_STANDARD = gnu11;
				GCC_DYNAMIC_NO_PIC = NO;
				GCC_NO_COMMON_BLOCKS = YES;
				GCC_OPTIMIZATION_LEVEL = 0;
				GCC_PREPROCESSOR_DEFINITIONS = (
					"DEBUG=1",
					"$(inherited)",
				);
				GCC_WARN_64_TO_32_BIT_CONVERSION = YES;
				GCC_WARN_ABOUT_RETURN_TYPE = YES_ERROR;
				GCC_WARN_UNDECLARED_SELECTOR = YES;
				GCC_WARN_UNINITIALIZED_AUTOS = YES_AGGRESSIVE;
				GCC_WARN_UNUSED_FUNCTION = YES;
				GCC_WARN_UNUSED_VARIABLE = YES;
				IPHONEOS_DEPLOYMENT_TARGET = 15.4;
				MTL_ENABLE_DEBUG_INFO = INCLUDE_SOURCE;
				MTL_FAST_MATH = YES;
				ONLY_ACTIVE_ARCH = YES;
				SDKROOT = iphoneos;
				SWIFT_ACTIVE_COMPILATION_CONDITIONS = DEBUG;
				SWIFT_OPTIMIZATION_LEVEL = "-Onone";
			};
			name = Debug;
		};
		08099553280DDB2C00FDC78D /* Release */ = {
			isa = XCBuildConfiguration;
			buildSettings = {
				ALWAYS_SEARCH_USER_PATHS = NO;
				CLANG_ANALYZER_NONNULL = YES;
				CLANG_ANALYZER_NUMBER_OBJECT_CONVERSION = YES_AGGRESSIVE;
				CLANG_CXX_LANGUAGE_STANDARD = "gnu++17";
				CLANG_ENABLE_MODULES = YES;
				CLANG_ENABLE_OBJC_ARC = YES;
				CLANG_ENABLE_OBJC_WEAK = YES;
				CLANG_WARN_BLOCK_CAPTURE_AUTORELEASING = YES;
				CLANG_WARN_BOOL_CONVERSION = YES;
				CLANG_WARN_COMMA = YES;
				CLANG_WARN_CONSTANT_CONVERSION = YES;
				CLANG_WARN_DEPRECATED_OBJC_IMPLEMENTATIONS = YES;
				CLANG_WARN_DIRECT_OBJC_ISA_USAGE = YES_ERROR;
				CLANG_WARN_DOCUMENTATION_COMMENTS = YES;
				CLANG_WARN_EMPTY_BODY = YES;
				CLANG_WARN_ENUM_CONVERSION = YES;
				CLANG_WARN_INFINITE_RECURSION = YES;
				CLANG_WARN_INT_CONVERSION = YES;
				CLANG_WARN_NON_LITERAL_NULL_CONVERSION = YES;
				CLANG_WARN_OBJC_IMPLICIT_RETAIN_SELF = YES;
				CLANG_WARN_OBJC_LITERAL_CONVERSION = YES;
				CLANG_WARN_OBJC_ROOT_CLASS = YES_ERROR;
				CLANG_WARN_QUOTED_INCLUDE_IN_FRAMEWORK_HEADER = YES;
				CLANG_WARN_RANGE_LOOP_ANALYSIS = YES;
				CLANG_WARN_STRICT_PROTOTYPES = YES;
				CLANG_WARN_SUSPICIOUS_MOVE = YES;
				CLANG_WARN_UNGUARDED_AVAILABILITY = YES_AGGRESSIVE;
				CLANG_WARN_UNREACHABLE_CODE = YES;
				CLANG_WARN__DUPLICATE_METHOD_MATCH = YES;
				COPY_PHASE_STRIP = NO;
				DEBUG_INFORMATION_FORMAT = "dwarf-with-dsym";
				ENABLE_NS_ASSERTIONS = NO;
				ENABLE_STRICT_OBJC_MSGSEND = YES;
				GCC_C_LANGUAGE_STANDARD = gnu11;
				GCC_NO_COMMON_BLOCKS = YES;
				GCC_WARN_64_TO_32_BIT_CONVERSION = YES;
				GCC_WARN_ABOUT_RETURN_TYPE = YES_ERROR;
				GCC_WARN_UNDECLARED_SELECTOR = YES;
				GCC_WARN_UNINITIALIZED_AUTOS = YES_AGGRESSIVE;
				GCC_WARN_UNUSED_FUNCTION = YES;
				GCC_WARN_UNUSED_VARIABLE = YES;
				IPHONEOS_DEPLOYMENT_TARGET = 15.4;
				MTL_ENABLE_DEBUG_INFO = NO;
				MTL_FAST_MATH = YES;
				SDKROOT = iphoneos;
				SWIFT_COMPILATION_MODE = wholemodule;
				SWIFT_OPTIMIZATION_LEVEL = "-O";
				VALIDATE_PRODUCT = YES;
			};
			name = Release;
		};
		08099555280DDB2C00FDC78D /* Debug */ = {
			isa = XCBuildConfiguration;
			buildSettings = {
				ASSETCATALOG_COMPILER_APPICON_NAME = AppIcon;
				ASSETCATALOG_COMPILER_GLOBAL_ACCENT_COLOR_NAME = AccentColor;
				CODE_SIGN_STYLE = Automatic;
				CURRENT_PROJECT_VERSION = 1;
				DEVELOPMENT_ASSET_PATHS = "\"Contacts/Preview Content\"";
				DEVELOPMENT_TEAM = X4NCUCZAX8;
				ENABLE_PREVIEWS = YES;
				GENERATE_INFOPLIST_FILE = YES;
				INFOPLIST_KEY_UIApplicationSceneManifest_Generation = YES;
				INFOPLIST_KEY_UIApplicationSupportsIndirectInputEvents = YES;
				INFOPLIST_KEY_UILaunchScreen_Generation = YES;
				INFOPLIST_KEY_UISupportedInterfaceOrientations_iPad = "UIInterfaceOrientationPortrait UIInterfaceOrientationPortraitUpsideDown UIInterfaceOrientationLandscapeLeft UIInterfaceOrientationLandscapeRight";
				INFOPLIST_KEY_UISupportedInterfaceOrientations_iPhone = "UIInterfaceOrientationPortrait UIInterfaceOrientationLandscapeLeft UIInterfaceOrientationLandscapeRight";
				LD_RUNPATH_SEARCH_PATHS = (
					"$(inherited)",
					"@executable_path/Frameworks",
				);
				MARKETING_VERSION = 1.0;
				PRODUCT_BUNDLE_IDENTIFIER = za.co.nanosoft.Contacts;
				PRODUCT_NAME = "$(TARGET_NAME)";
				SWIFT_EMIT_LOC_STRINGS = YES;
				SWIFT_VERSION = 5.0;
				TARGETED_DEVICE_FAMILY = "1,2";
			};
			name = Debug;
		};
		08099556280DDB2C00FDC78D /* Release */ = {
			isa = XCBuildConfiguration;
			buildSettings = {
				ASSETCATALOG_COMPILER_APPICON_NAME = AppIcon;
				ASSETCATALOG_COMPILER_GLOBAL_ACCENT_COLOR_NAME = AccentColor;
				CODE_SIGN_STYLE = Automatic;
				CURRENT_PROJECT_VERSION = 1;
				DEVELOPMENT_ASSET_PATHS = "\"Contacts/Preview Content\"";
				DEVELOPMENT_TEAM = X4NCUCZAX8;
				ENABLE_PREVIEWS = YES;
				GENERATE_INFOPLIST_FILE = YES;
				INFOPLIST_KEY_UIApplicationSceneManifest_Generation = YES;
				INFOPLIST_KEY_UIApplicationSupportsIndirectInputEvents = YES;
				INFOPLIST_KEY_UILaunchScreen_Generation = YES;
				INFOPLIST_KEY_UISupportedInterfaceOrientations_iPad = "UIInterfaceOrientationPortrait UIInterfaceOrientationPortraitUpsideDown UIInterfaceOrientationLandscapeLeft UIInterfaceOrientationLandscapeRight";
				INFOPLIST_KEY_UISupportedInterfaceOrientations_iPhone = "UIInterfaceOrientationPortrait UIInterfaceOrientationLandscapeLeft UIInterfaceOrientationLandscapeRight";
				LD_RUNPATH_SEARCH_PATHS = (
					"$(inherited)",
					"@executable_path/Frameworks",
				);
				MARKETING_VERSION = 1.0;
				PRODUCT_BUNDLE_IDENTIFIER = za.co.nanosoft.Contacts;
				PRODUCT_NAME = "$(TARGET_NAME)";
				SWIFT_EMIT_LOC_STRINGS = YES;
				SWIFT_VERSION = 5.0;
				TARGETED_DEVICE_FAMILY = "1,2";
			};
			name = Release;
		};
		08099558280DDB2C00FDC78D /* Debug */ = {
			isa = XCBuildConfiguration;
			buildSettings = {
				ALWAYS_EMBED_SWIFT_STANDARD_LIBRARIES = YES;
				BUNDLE_LOADER = "$(TEST_HOST)";
				CODE_SIGN_STYLE = Automatic;
				CURRENT_PROJECT_VERSION = 1;
				DEVELOPMENT_TEAM = X4NCUCZAX8;
				GENERATE_INFOPLIST_FILE = YES;
				IPHONEOS_DEPLOYMENT_TARGET = 15.4;
				MARKETING_VERSION = 1.0;
				PRODUCT_BUNDLE_IDENTIFIER = za.co.nanosoft.ContactsTests;
				PRODUCT_NAME = "$(TARGET_NAME)";
				SWIFT_EMIT_LOC_STRINGS = NO;
				SWIFT_VERSION = 5.0;
				TARGETED_DEVICE_FAMILY = "1,2";
				TEST_HOST = "$(BUILT_PRODUCTS_DIR)/Contacts.app/Contacts";
			};
			name = Debug;
		};
		08099559280DDB2C00FDC78D /* Release */ = {
			isa = XCBuildConfiguration;
			buildSettings = {
				ALWAYS_EMBED_SWIFT_STANDARD_LIBRARIES = YES;
				BUNDLE_LOADER = "$(TEST_HOST)";
				CODE_SIGN_STYLE = Automatic;
				CURRENT_PROJECT_VERSION = 1;
				DEVELOPMENT_TEAM = X4NCUCZAX8;
				GENERATE_INFOPLIST_FILE = YES;
				IPHONEOS_DEPLOYMENT_TARGET = 15.4;
				MARKETING_VERSION = 1.0;
				PRODUCT_BUNDLE_IDENTIFIER = za.co.nanosoft.ContactsTests;
				PRODUCT_NAME = "$(TARGET_NAME)";
				SWIFT_EMIT_LOC_STRINGS = NO;
				SWIFT_VERSION = 5.0;
				TARGETED_DEVICE_FAMILY = "1,2";
				TEST_HOST = "$(BUILT_PRODUCTS_DIR)/Contacts.app/Contacts";
			};
			name = Release;
		};
/* End XCBuildConfiguration section */

/* Begin XCConfigurationList section */
		08099526280DDB2900FDC78D /* Build configuration list for PBXProject "Contacts" */ = {
			isa = XCConfigurationList;
			buildConfigurations = (
				08099552280DDB2C00FDC78D /* Debug */,
				08099553280DDB2C00FDC78D /* Release */,
			);
			defaultConfigurationIsVisible = 0;
			defaultConfigurationName = Release;
		};
		08099554280DDB2C00FDC78D /* Build configuration list for PBXNativeTarget "Contacts" */ = {
			isa = XCConfigurationList;
			buildConfigurations = (
				08099555280DDB2C00FDC78D /* Debug */,
				08099556280DDB2C00FDC78D /* Release */,
			);
			defaultConfigurationIsVisible = 0;
			defaultConfigurationName = Release;
		};
		08099557280DDB2C00FDC78D /* Build configuration list for PBXNativeTarget "ContactsTests" */ = {
			isa = XCConfigurationList;
			buildConfigurations = (
				08099558280DDB2C00FDC78D /* Debug */,
				08099559280DDB2C00FDC78D /* Release */,
			);
			defaultConfigurationIsVisible = 0;
			defaultConfigurationName = Release;
		};
/* End XCConfigurationList section */

/* Begin XCRemoteSwiftPackageReference section */
		0898F511280DEC4E001B32E9 /* XCRemoteSwiftPackageReference "Swinject" */ = {
			isa = XCRemoteSwiftPackageReference;
			repositoryURL = "https://github.com/Swinject/Swinject";
			requirement = {
				kind = upToNextMajorVersion;
				minimumVersion = 2.0.0;
			};
		};
/* End XCRemoteSwiftPackageReference section */

/* Begin XCSwiftPackageProductDependency section */
		0898F512280DEC4E001B32E9 /* Swinject */ = {
			isa = XCSwiftPackageProductDependency;
			package = 0898F511280DEC4E001B32E9 /* XCRemoteSwiftPackageReference "Swinject" */;
			productName = Swinject;
		};
/* End XCSwiftPackageProductDependency section */

/* Begin XCVersionGroup section */
		08E2B32E282836E1006DF714 /* Contact.xcdatamodeld */ = {
			isa = XCVersionGroup;
			children = (
				08E2B32F282836E1006DF714 /* Contact.xcdatamodel */,
			);
			currentVersion = 08E2B32F282836E1006DF714 /* Contact.xcdatamodel */;
			path = Contact.xcdatamodeld;
			sourceTree = "<group>";
			versionGroupType = wrapper.xcdatamodel;
		};
/* End XCVersionGroup section */
	};
	rootObject = 08099523280DDB2900FDC78D /* Project object */;
}
