{"projectHash":"644c07078291526ba35e84502739143153de3896","productModuleName":"ContactsTests","mockedTypeNames":["\/Volumes\/SSD\/developer\/ios\/Contacts\/ContactsTests\/Mocks\/Domain\/UseCases\/Contact\/MockGetContact.swift",[],"\/Volumes\/SSD\/developer\/ios\/Contacts\/ContactsTests\/Presentation\/Contact\/List\/ViewModelContactListTests.swift",[],"\/Volumes\/SSD\/developer\/ios\/Contacts\/ContactsTests\/Domain\/UseCases\/Contact\/UseCaseContactCreateTests.swift",[],"\/Volumes\/SSD\/developer\/ios\/Contacts\/ContactsTests\/Presentation\/Contact\/Create\/ContactNewViewModelTests.swift",[],"\/Volumes\/SSD\/developer\/ios\/Contacts\/ContactsTests\/Mocks\/Domain\/UseCases\/Contact\/MockGetAllContacts.swift",[],"\/Volumes\/SSD\/developer\/ios\/Contacts\/ContactsTests\/Mocks\/Domain\/Repositories\/MockContactRepository.swift",[],"\/Volumes\/SSD\/developer\/ios\/Contacts\/ContactsTests\/Mocks\/Data\/CoreData\/Wrappers\/MockCoreDataWrapper.swift",[],"\/Volumes\/SSD\/developer\/ios\/Contacts\/ContactsTests\/Mocks\/Domain\/UseCases\/Contact\/MockDeleteContact.swift",[],"\/Volumes\/SSD\/developer\/ios\/Contacts\/ContactsTests\/Presentation\/Contact\/Edit\/ContactEditViewModelTests.swift",[],"\/Volumes\/SSD\/developer\/ios\/Contacts\/ContactsTests\/Mocks\/Domain\/UseCases\/Contact\/MockCreateContact.swift",[],"\/Volumes\/SSD\/developer\/ios\/Contacts\/ContactsTests\/DI\/MockIoCContainer.swift",[],"\/Volumes\/SSD\/developer\/ios\/Contacts\/ContactsTests\/Data\/DataSources\/CoreData\/CoreDataContactDataSourceTests.swift",[],"\/Volumes\/SSD\/developer\/ios\/Contacts\/ContactsTests\/Domain\/UseCases\/Contact\/UseCaseContactUpdateTests.swift",[],"\/Volumes\/SSD\/developer\/ios\/Contacts\/ContactsTests\/Mocks\/Domain\/UseCases\/Contact\/MockUpdateContact.swift",[]],"cliVersion":"0.20.0","sourceFilePaths":[{"path":"\/Volumes\/SSD\/developer\/ios\/Contacts\/ContactsTests\/DI\/MockIoCContainer.swift","hash":"a3e50fcc7e328204154f9b1e4f3075a62b5b7b89"},{"path":"\/Volumes\/SSD\/developer\/ios\/Contacts\/ContactsTests\/Data\/DataSources\/CoreData\/CoreDataContactDataSourceTests.swift","hash":"bac9215b037c52b252d15c426145ad613d456bd1"},{"path":"\/Volumes\/SSD\/developer\/ios\/Contacts\/ContactsTests\/Domain\/UseCases\/Contact\/UseCaseContactCreateTests.swift","hash":"452149ca5968f20802099576ea8a777db3ce7fec"},{"path":"\/Volumes\/SSD\/developer\/ios\/Contacts\/ContactsTests\/Domain\/UseCases\/Contact\/UseCaseContactUpdateTests.swift","hash":"485a27095cc764c107415c218f6371dbb1d65b71"},{"path":"\/Volumes\/SSD\/developer\/ios\/Contacts\/ContactsTests\/Mocks\/Data\/CoreData\/Wrappers\/MockCoreDataWrapper.swift","hash":"3f14f115c98a3ad6729b3a7cb9f7a8bdaa33dc08"},{"path":"\/Volumes\/SSD\/developer\/ios\/Contacts\/ContactsTests\/Mocks\/Domain\/Repositories\/MockContactRepository.swift","hash":"31a91244b50e4245414efbc9ff86fdff5a15e134"},{"path":"\/Volumes\/SSD\/developer\/ios\/Contacts\/ContactsTests\/Mocks\/Domain\/UseCases\/Contact\/MockCreateContact.swift","hash":"0eac38f25607c71d20f3df0fe8cee2d2b684c006"},{"path":"\/Volumes\/SSD\/developer\/ios\/Contacts\/ContactsTests\/Mocks\/Domain\/UseCases\/Contact\/MockDeleteContact.swift","hash":"84cbabe7c57a15e1ea2e6fa8ff44fe5db214aae1"},{"path":"\/Volumes\/SSD\/developer\/ios\/Contacts\/ContactsTests\/Mocks\/Domain\/UseCases\/Contact\/MockGetAllContacts.swift","hash":"77442a16dbafbff1644a800659d9207e60bdf64e"},{"path":"\/Volumes\/SSD\/developer\/ios\/Contacts\/ContactsTests\/Mocks\/Domain\/UseCases\/Contact\/MockGetContact.swift","hash":"aac90d7e8b7608613c3e4f9dcdffe684dcc44e7c"},{"path":"\/Volumes\/SSD\/developer\/ios\/Contacts\/ContactsTests\/Mocks\/Domain\/UseCases\/Contact\/MockUpdateContact.swift","hash":"f9b693a39e0c9e858b8c672e44cc1993cdba301f"},{"path":"\/Volumes\/SSD\/developer\/ios\/Contacts\/ContactsTests\/Presentation\/Contact\/Create\/ContactNewViewModelTests.swift","hash":"30c62abdf0b5e5d30d2230eaf2da38f666c1f7ad"},{"path":"\/Volumes\/SSD\/developer\/ios\/Contacts\/ContactsTests\/Presentation\/Contact\/Edit\/ContactEditViewModelTests.swift","hash":"2e00f99e62c3e71fa6f013cf59ccb76c78bef042"},{"path":"\/Volumes\/SSD\/developer\/ios\/Contacts\/ContactsTests\/Presentation\/Contact\/List\/ViewModelContactListTests.swift","hash":"e9b25f6818db90f5f9b148ab349066a4ef48248b"}],"sourceRoot":"\/Volumes\/SSD\/developer\/ios\/Contacts","dependencies":[],"name":"ContactsTests"}