{"projectHash":"3464a17b3b6781a561c6bc3886615e444b955158","productModuleName":"ContactsTests","mockedTypeNames":["\/Volumes\/SSD\/developer\/ios\/Contacts\/ContactsTests\/Domain\/UseCases\/Contact\/UseCaseContactGetAllTests.swift",[],"\/Volumes\/SSD\/developer\/ios\/Contacts\/ContactsTests\/Mocks\/Data\/DataSources\/MockContactDataSource.swift",[],"\/Volumes\/SSD\/developer\/ios\/Contacts\/ContactsTests\/Domain\/UseCases\/Contact\/UseCaseContactDeleteTests.swift",[],"\/Volumes\/SSD\/developer\/ios\/Contacts\/ContactsTests\/Mocks\/Data\/DataSources\/CoreData\/Wrappers\/MockCoreDataWrapper.swift",[],"\/Volumes\/SSD\/developer\/ios\/Contacts\/ContactsTests\/Domain\/UseCases\/Contact\/UseCaseContactGetOneTests.swift",[],"\/Volumes\/SSD\/developer\/ios\/Contacts\/ContactsTests\/Domain\/UseCases\/Contact\/UseCaseContactCreateTests.swift",[],"\/Volumes\/SSD\/developer\/ios\/Contacts\/ContactsTests\/Presentation\/Contact\/Edit\/ViewModelContactEditTests.swift",[],"\/Volumes\/SSD\/developer\/ios\/Contacts\/ContactsTests\/Mocks\/Domain\/Repositories\/MockContactRepository.swift",[],"\/Volumes\/SSD\/developer\/ios\/Contacts\/ContactsTests\/Domain\/Repositories\/ContactRepositoryTests.swift",[],"\/Volumes\/SSD\/developer\/ios\/Contacts\/ContactsTests\/Mocks\/Domain\/UseCases\/Contact\/MockGetAllContacts.swift",[],"\/Volumes\/SSD\/developer\/ios\/Contacts\/ContactsTests\/Presentation\/Contact\/List\/ViewModelContactListTests.swift",[],"\/Volumes\/SSD\/developer\/ios\/Contacts\/ContactsTests\/Domain\/UseCases\/Contact\/UseCaseContactUpdateTests.swift",[],"\/Volumes\/SSD\/developer\/ios\/Contacts\/ContactsTests\/Mocks\/Domain\/UseCases\/Contact\/MockDeleteContact.swift",[],"\/Volumes\/SSD\/developer\/ios\/Contacts\/ContactsTests\/Presentation\/Contact\/Create\/ViewModelContactCreateTests.swift",[],"\/Volumes\/SSD\/developer\/ios\/Contacts\/ContactsTests\/Mocks\/Domain\/UseCases\/Contact\/MockUpdateContact.swift",[],"\/Volumes\/SSD\/developer\/ios\/Contacts\/ContactsTests\/Mocks\/Domain\/UseCases\/Contact\/MockGetOneContact.swift",[],"\/Volumes\/SSD\/developer\/ios\/Contacts\/ContactsTests\/Data\/DataSources\/CoreData\/CoreDataContactDataSourceTests.swift",[],"\/Volumes\/SSD\/developer\/ios\/Contacts\/ContactsTests\/Mocks\/Domain\/UseCases\/Contact\/MockCreateContact.swift",[]],"cliVersion":"0.20.0","sourceFilePaths":[{"path":"\/Volumes\/SSD\/developer\/ios\/Contacts\/ContactsTests\/Data\/DataSources\/CoreData\/CoreDataContactDataSourceTests.swift","hash":"2086387e61d3f4cc5ee54b63a8aed45786418b9d"},{"path":"\/Volumes\/SSD\/developer\/ios\/Contacts\/ContactsTests\/Domain\/Repositories\/ContactRepositoryTests.swift","hash":"3fc2dd82313efa8f696f17f5fea4749a52822e74"},{"path":"\/Volumes\/SSD\/developer\/ios\/Contacts\/ContactsTests\/Domain\/UseCases\/Contact\/UseCaseContactCreateTests.swift","hash":"5fbca0c4f31b55fcab571d079e33d04963fa5957"},{"path":"\/Volumes\/SSD\/developer\/ios\/Contacts\/ContactsTests\/Domain\/UseCases\/Contact\/UseCaseContactDeleteTests.swift","hash":"45d01b8d45c82f02b99d2d639123d5f5da56c668"},{"path":"\/Volumes\/SSD\/developer\/ios\/Contacts\/ContactsTests\/Domain\/UseCases\/Contact\/UseCaseContactGetAllTests.swift","hash":"091c08ec5bcabbb834fc39a63f50204669c4a219"},{"path":"\/Volumes\/SSD\/developer\/ios\/Contacts\/ContactsTests\/Domain\/UseCases\/Contact\/UseCaseContactGetOneTests.swift","hash":"c166eedc9d5f97968e2e29c7b7ae6ba0f89716fa"},{"path":"\/Volumes\/SSD\/developer\/ios\/Contacts\/ContactsTests\/Domain\/UseCases\/Contact\/UseCaseContactUpdateTests.swift","hash":"49563c47e44638dc507bcfb108fcf4e9b441fe74"},{"path":"\/Volumes\/SSD\/developer\/ios\/Contacts\/ContactsTests\/Mocks\/Data\/DataSources\/CoreData\/Wrappers\/MockCoreDataWrapper.swift","hash":"6d84ee361ea51a2d1af5283fa60ac679c20c90b7"},{"path":"\/Volumes\/SSD\/developer\/ios\/Contacts\/ContactsTests\/Mocks\/Data\/DataSources\/MockContactDataSource.swift","hash":"5f3fc58ca2c4409510b054b201a29970eabe9f60"},{"path":"\/Volumes\/SSD\/developer\/ios\/Contacts\/ContactsTests\/Mocks\/Domain\/Repositories\/MockContactRepository.swift","hash":"82d168b5b1cde0fdf6a5902de3ce5145cf0ea781"},{"path":"\/Volumes\/SSD\/developer\/ios\/Contacts\/ContactsTests\/Mocks\/Domain\/UseCases\/Contact\/MockCreateContact.swift","hash":"ad1f07f223e0f6eaa280e9ca6bc06ea2d27f2972"},{"path":"\/Volumes\/SSD\/developer\/ios\/Contacts\/ContactsTests\/Mocks\/Domain\/UseCases\/Contact\/MockDeleteContact.swift","hash":"04106d476e392abeb8486ddd10b24473646a8163"},{"path":"\/Volumes\/SSD\/developer\/ios\/Contacts\/ContactsTests\/Mocks\/Domain\/UseCases\/Contact\/MockGetAllContacts.swift","hash":"0f99915e87c74fb1803e3b2becfc49872d729c6e"},{"path":"\/Volumes\/SSD\/developer\/ios\/Contacts\/ContactsTests\/Mocks\/Domain\/UseCases\/Contact\/MockGetOneContact.swift","hash":"82675c1387d0c01f2c32f1cb388cf905de23b08c"},{"path":"\/Volumes\/SSD\/developer\/ios\/Contacts\/ContactsTests\/Mocks\/Domain\/UseCases\/Contact\/MockUpdateContact.swift","hash":"21595eb84f15cba81f53f0ac2cc4b51eccd03486"},{"path":"\/Volumes\/SSD\/developer\/ios\/Contacts\/ContactsTests\/Presentation\/Contact\/Create\/ViewModelContactCreateTests.swift","hash":"299ed1fd38705919310129e002a0c1b377c0088b"},{"path":"\/Volumes\/SSD\/developer\/ios\/Contacts\/ContactsTests\/Presentation\/Contact\/Edit\/ViewModelContactEditTests.swift","hash":"77ed8857fb4585564c16aad3b4d317ae0a77cd15"},{"path":"\/Volumes\/SSD\/developer\/ios\/Contacts\/ContactsTests\/Presentation\/Contact\/List\/ViewModelContactListTests.swift","hash":"e9b25f6818db90f5f9b148ab349066a4ef48248b"}],"sourceRoot":"\/Volumes\/SSD\/developer\/ios\/Contacts","dependencies":[],"name":"ContactsTests"}