{"cliVersion":"0.20.0","productModuleName":"Contacts","sourceFilePaths":[{"path":"\/Volumes\/SSD\/developer\/ios\/Contacts\/Contacts\/ContactsApp.swift","hash":"64227a520aea1cedfee37f62101a928921fc2bcc"},{"path":"\/Volumes\/SSD\/developer\/ios\/Contacts\/Contacts\/ContentView.swift","hash":"9c1aaab2462974fe8f0f5067260a2a78d9cfe84e"},{"path":"\/Volumes\/SSD\/developer\/ios\/Contacts\/Contacts\/DI\/IocContactainer.swift","hash":"2cfd445bdca104abe3fe470a24132a58198d10a2"},{"path":"\/Volumes\/SSD\/developer\/ios\/Contacts\/Contacts\/DI\/Resolver.swift","hash":"c169dbc48f7c17fc20e8a8bfea6e7a740fe04f92"},{"path":"\/Volumes\/SSD\/developer\/ios\/Contacts\/Contacts\/Data\/DataSources\/CoreData\/CoreDataContactDataSource.swift","hash":"d02828f8581a2f81da8923a7a1332206ae926199"},{"path":"\/Volumes\/SSD\/developer\/ios\/Contacts\/Contacts\/Data\/DataSources\/CoreData\/Wrappers\/CoreDataWrapper.swift","hash":"9b4b00c23d47195c3507d722b2d6da467f597a45"},{"path":"\/Volumes\/SSD\/developer\/ios\/Contacts\/Contacts\/Data\/Errors\/CoreDataError.swift","hash":"3f9707462fbc9b289a7cce633df6d7d2a5933af4"},{"path":"\/Volumes\/SSD\/developer\/ios\/Contacts\/Contacts\/Data\/Protocols\/ContactDataSourceProtocol.swift","hash":"b62180343733ee0ccbb6e7fe671614a48853a3da"},{"path":"\/Volumes\/SSD\/developer\/ios\/Contacts\/Contacts\/Data\/Protocols\/Wrappers\/CoreDataWrapperProtocol.swift","hash":"e3422d648d383802a8141a4e808c0a8f5871abae"},{"path":"\/Volumes\/SSD\/developer\/ios\/Contacts\/Contacts\/Domain\/Errors\/CustomError.swift","hash":"5ad6cdf9a25bfc30e6ede8c973bf02222f22ebb4"},{"path":"\/Volumes\/SSD\/developer\/ios\/Contacts\/Contacts\/Domain\/Models\/Contact.swift","hash":"bbcbb9f8cd91a289ad303fdf9d60f7d6055d6acb"},{"path":"\/Volumes\/SSD\/developer\/ios\/Contacts\/Contacts\/Domain\/Protocols\/Repositories\/ContactRepositoryProtocol.swift","hash":"c8be4ce1f87be0ab124af0cab33d49fc36f202ea"},{"path":"\/Volumes\/SSD\/developer\/ios\/Contacts\/Contacts\/Domain\/Protocols\/UseCases\/Contact\/CreateContactUseCaseProtocol.swift","hash":"e1f9fe51766ac09fa1e6a433e60a1ad7e8d5220e"},{"path":"\/Volumes\/SSD\/developer\/ios\/Contacts\/Contacts\/Domain\/Protocols\/UseCases\/Contact\/DeleteContactUseCaseProtocol.swift","hash":"678c6f72b866c99330e0a38ec26472a9f337bad9"},{"path":"\/Volumes\/SSD\/developer\/ios\/Contacts\/Contacts\/Domain\/Protocols\/UseCases\/Contact\/GetAllContactsUseCaseProtocol.swift","hash":"e426c9d65471bbadea0aa38c3f63505142495ffb"},{"path":"\/Volumes\/SSD\/developer\/ios\/Contacts\/Contacts\/Domain\/Protocols\/UseCases\/Contact\/GetContactUseCaseProtocol.swift","hash":"e92c2f9a795791ed76a945b1a052c3a6a44f1f1c"},{"path":"\/Volumes\/SSD\/developer\/ios\/Contacts\/Contacts\/Domain\/Protocols\/UseCases\/Contact\/UpdateContactUseCaseProtocol.swift","hash":"829c8ba87a1bf25970ab3a54b7d7ed826efda677"},{"path":"\/Volumes\/SSD\/developer\/ios\/Contacts\/Contacts\/Domain\/Repositories\/ContactRepository.swift","hash":"770cb002d0b238e2c7e14df73ed4f3989df0f4e7"},{"path":"\/Volumes\/SSD\/developer\/ios\/Contacts\/Contacts\/Domain\/UseCases\/Contact\/CreateContact.swift","hash":"c9fdd0c82e14e6b36d146c58ebe2ef18722834b7"},{"path":"\/Volumes\/SSD\/developer\/ios\/Contacts\/Contacts\/Domain\/UseCases\/Contact\/DeleteContact.swift","hash":"abdad608218071c30fb85aab8688ea6c8de52a8b"},{"path":"\/Volumes\/SSD\/developer\/ios\/Contacts\/Contacts\/Domain\/UseCases\/Contact\/GetAllContacts.swift","hash":"ea8730d82d230d1e2fd241e3efcd9c9551d73f8e"},{"path":"\/Volumes\/SSD\/developer\/ios\/Contacts\/Contacts\/Domain\/UseCases\/Contact\/GetOneContact.swift","hash":"d6d5ea6db39bde5692f720854b1dcb3918705842"},{"path":"\/Volumes\/SSD\/developer\/ios\/Contacts\/Contacts\/Domain\/UseCases\/Contact\/UpdateContact.swift","hash":"bcb88964696665ca2798dace8f377b3e0f4f7742"},{"path":"\/Volumes\/SSD\/developer\/ios\/Contacts\/Contacts\/Persistence.swift","hash":"c63bd9161d23be98630b8c90d058d1782abe8fd3"},{"path":"\/Volumes\/SSD\/developer\/ios\/Contacts\/Contacts\/Presentation\/Components\/AddButton.swift","hash":"f10095ea7901f7678160607efaca059299eec8f0"},{"path":"\/Volumes\/SSD\/developer\/ios\/Contacts\/Contacts\/Presentation\/Components\/BackButton.swift","hash":"ba9f5960a660d09d1591594bfd4457c946afdf6b"},{"path":"\/Volumes\/SSD\/developer\/ios\/Contacts\/Contacts\/Presentation\/Components\/SaveButton.swift","hash":"bcffe56fd64d324864732d107afa9bd88f617c18"},{"path":"\/Volumes\/SSD\/developer\/ios\/Contacts\/Contacts\/Presentation\/Components\/TextInput.swift","hash":"ff8085d066567601489b2e8f15fab69b4d02a085"},{"path":"\/Volumes\/SSD\/developer\/ios\/Contacts\/Contacts\/Presentation\/Contact\/Create\/ContactCreateView.swift","hash":"be34d8f30caedc14ccd137e83aa11ec68b63cc9d"},{"path":"\/Volumes\/SSD\/developer\/ios\/Contacts\/Contacts\/Presentation\/Contact\/Create\/ContactCreateViewModel.swift","hash":"d5f24df891316ff8de640d82b40398dfe01e25e6"},{"path":"\/Volumes\/SSD\/developer\/ios\/Contacts\/Contacts\/Presentation\/Contact\/Edit\/ContactEditView.swift","hash":"420236b80d3cad74aa81c13a72d52ada4611b0ab"},{"path":"\/Volumes\/SSD\/developer\/ios\/Contacts\/Contacts\/Presentation\/Contact\/Edit\/ContactEditViewModel.swift","hash":"83f0aa4330e0ed0e881d03b958ce4b92eaf5c59c"},{"path":"\/Volumes\/SSD\/developer\/ios\/Contacts\/Contacts\/Presentation\/Contact\/List\/ContactListView.swift","hash":"a3d3e11d6d2fd67d499a2b5f3800c9185e8e9350"},{"path":"\/Volumes\/SSD\/developer\/ios\/Contacts\/Contacts\/Presentation\/Contact\/List\/ContactListViewModel.swift","hash":"0bbfb84b36164faa876c33f1e4659f47ac4ff8b1"}],"configHash":"6cd547813610619b847d5f7109e8f2a0e93c71fd","dependencyPathsHash":"da39a3ee5e6b4b0d3255bfef95601890afd80709","targetPathsHash":"23b8f63387c15aacb9f589dceef7c80f4690b072","mockedTypesHash":"da39a3ee5e6b4b0d3255bfef95601890afd80709","outputHash":"711d1c831f4c5561ca2fca64a2afd57348d0a34a","dependencies":[],"sourceRoot":"\/Volumes\/SSD\/developer\/ios\/Contacts","supportingFilePaths":[],"name":"Contacts","projectHash":"daed747dddcd526272c47718fc02b2b5697c495f"}