{"projectHash":"dfc45331116fd73d9abe3eb851135446f1316643","productModuleName":"ContactsTests","mockedTypeNames":["\/Volumes\/SSD\/developer\/ios\/Contacts\/ContactsTests\/Mocks\/Domain\/Repositories\/MockContactRepository.swift",[],"\/Volumes\/SSD\/developer\/ios\/Contacts\/ContactsTests\/Data\/DataSources\/CoreData\/CoreDataContactDataSourceIntegrationTests.swift",[],"\/Volumes\/SSD\/developer\/ios\/Contacts\/ContactsTests\/Mocks\/Domain\/UseCases\/Contact\/MockGetOneContact.swift",[],"\/Volumes\/SSD\/developer\/ios\/Contacts\/ContactsTests\/Domain\/UseCases\/Contact\/UseCaseContactUpdateTests.swift",[],"\/Volumes\/SSD\/developer\/ios\/Contacts\/ContactsTests\/DI\/MockIoCContainer.swift",[],"\/Volumes\/SSD\/developer\/ios\/Contacts\/ContactsTests\/Mocks\/Domain\/UseCases\/Contact\/MockCreateContact.swift",[],"\/Volumes\/SSD\/developer\/ios\/Contacts\/ContactsTests\/Domain\/UseCases\/Contact\/UseCaseContactCreateTests.swift",[],"\/Volumes\/SSD\/developer\/ios\/Contacts\/ContactsTests\/Presentation\/Contact\/List\/ViewModelContactListTests.swift",[],"\/Volumes\/SSD\/developer\/ios\/Contacts\/ContactsTests\/Data\/DataSources\/CoreData\/CoreDataContactDataSourceTests.swift",[],"\/Volumes\/SSD\/developer\/ios\/Contacts\/ContactsTests\/Presentation\/Contact\/Edit\/ViewModelContactEditTests.swift",[],"\/Volumes\/SSD\/developer\/ios\/Contacts\/ContactsTests\/Mocks\/Domain\/UseCases\/Contact\/MockGetAllContacts.swift",[],"\/Volumes\/SSD\/developer\/ios\/Contacts\/ContactsTests\/Mocks\/Domain\/UseCases\/Contact\/MockUpdateContact.swift",[],"\/Volumes\/SSD\/developer\/ios\/Contacts\/ContactsTests\/Mocks\/Domain\/UseCases\/Contact\/MockDeleteContact.swift",[],"\/Volumes\/SSD\/developer\/ios\/Contacts\/ContactsTests\/Mocks\/Data\/CoreData\/Wrappers\/MockCoreDataWrapper.swift",[],"\/Volumes\/SSD\/developer\/ios\/Contacts\/ContactsTests\/Presentation\/Contact\/Create\/ViewModelContactCreateTests.swift",[]],"cliVersion":"0.20.0","sourceFilePaths":[{"path":"\/Volumes\/SSD\/developer\/ios\/Contacts\/ContactsTests\/DI\/MockIoCContainer.swift","hash":"a3e50fcc7e328204154f9b1e4f3075a62b5b7b89"},{"path":"\/Volumes\/SSD\/developer\/ios\/Contacts\/ContactsTests\/Data\/DataSources\/CoreData\/CoreDataContactDataSourceIntegrationTests.swift","hash":"5bd9851cd90530bc76072691fb30b2ef2d4168a9"},{"path":"\/Volumes\/SSD\/developer\/ios\/Contacts\/ContactsTests\/Data\/DataSources\/CoreData\/CoreDataContactDataSourceTests.swift","hash":"f16f6e5f91fd0f1d88df1a15a9c789afc92cb9bb"},{"path":"\/Volumes\/SSD\/developer\/ios\/Contacts\/ContactsTests\/Domain\/UseCases\/Contact\/UseCaseContactCreateTests.swift","hash":"452149ca5968f20802099576ea8a777db3ce7fec"},{"path":"\/Volumes\/SSD\/developer\/ios\/Contacts\/ContactsTests\/Domain\/UseCases\/Contact\/UseCaseContactUpdateTests.swift","hash":"485a27095cc764c107415c218f6371dbb1d65b71"},{"path":"\/Volumes\/SSD\/developer\/ios\/Contacts\/ContactsTests\/Mocks\/Data\/CoreData\/Wrappers\/MockCoreDataWrapper.swift","hash":"6d84ee361ea51a2d1af5283fa60ac679c20c90b7"},{"path":"\/Volumes\/SSD\/developer\/ios\/Contacts\/ContactsTests\/Mocks\/Domain\/Repositories\/MockContactRepository.swift","hash":"31a91244b50e4245414efbc9ff86fdff5a15e134"},{"path":"\/Volumes\/SSD\/developer\/ios\/Contacts\/ContactsTests\/Mocks\/Domain\/UseCases\/Contact\/MockCreateContact.swift","hash":"0eac38f25607c71d20f3df0fe8cee2d2b684c006"},{"path":"\/Volumes\/SSD\/developer\/ios\/Contacts\/ContactsTests\/Mocks\/Domain\/UseCases\/Contact\/MockDeleteContact.swift","hash":"84cbabe7c57a15e1ea2e6fa8ff44fe5db214aae1"},{"path":"\/Volumes\/SSD\/developer\/ios\/Contacts\/ContactsTests\/Mocks\/Domain\/UseCases\/Contact\/MockGetAllContacts.swift","hash":"77442a16dbafbff1644a800659d9207e60bdf64e"},{"path":"\/Volumes\/SSD\/developer\/ios\/Contacts\/ContactsTests\/Mocks\/Domain\/UseCases\/Contact\/MockGetOneContact.swift","hash":"aac90d7e8b7608613c3e4f9dcdffe684dcc44e7c"},{"path":"\/Volumes\/SSD\/developer\/ios\/Contacts\/ContactsTests\/Mocks\/Domain\/UseCases\/Contact\/MockUpdateContact.swift","hash":"f9b693a39e0c9e858b8c672e44cc1993cdba301f"},{"path":"\/Volumes\/SSD\/developer\/ios\/Contacts\/ContactsTests\/Presentation\/Contact\/Create\/ViewModelContactCreateTests.swift","hash":"30c62abdf0b5e5d30d2230eaf2da38f666c1f7ad"},{"path":"\/Volumes\/SSD\/developer\/ios\/Contacts\/ContactsTests\/Presentation\/Contact\/Edit\/ViewModelContactEditTests.swift","hash":"2e00f99e62c3e71fa6f013cf59ccb76c78bef042"},{"path":"\/Volumes\/SSD\/developer\/ios\/Contacts\/ContactsTests\/Presentation\/Contact\/List\/ViewModelContactListTests.swift","hash":"e9b25f6818db90f5f9b148ab349066a4ef48248b"}],"sourceRoot":"\/Volumes\/SSD\/developer\/ios\/Contacts","dependencies":[],"name":"ContactsTests"}