{"cliVersion":"0.20.0","productModuleName":"Contacts","sourceFilePaths":[{"path":"\/Volumes\/SSD\/developer\/ios\/Contacts\/Contacts\/ContactsApp.swift","hash":"64227a520aea1cedfee37f62101a928921fc2bcc"},{"path":"\/Volumes\/SSD\/developer\/ios\/Contacts\/Contacts\/ContentView.swift","hash":"2569a0a887096427bdb86db11bad825f706f9cee"},{"path":"\/Volumes\/SSD\/developer\/ios\/Contacts\/Contacts\/DI\/IocContactainer.swift","hash":"11caa39c6fc6643c21b35f60daa53ded46170e14"},{"path":"\/Volumes\/SSD\/developer\/ios\/Contacts\/Contacts\/DI\/Resolver.swift","hash":"990b7144a381252c0a68654be5af619d9b117ce9"},{"path":"\/Volumes\/SSD\/developer\/ios\/Contacts\/Contacts\/Data\/DataSources\/CoreData\/CoreDataContactDataSource.swift","hash":"d933f0cb70d6aba7368a171bdceb4c4b625e60ea"},{"path":"\/Volumes\/SSD\/developer\/ios\/Contacts\/Contacts\/Data\/DataSources\/CoreData\/Wrappers\/CoreDataWrapper.swift","hash":"4758df8005fd225782b1d1f8d51fb9467d670b24"},{"path":"\/Volumes\/SSD\/developer\/ios\/Contacts\/Contacts\/Data\/Errors\/CoreDataError.swift","hash":"3f9707462fbc9b289a7cce633df6d7d2a5933af4"},{"path":"\/Volumes\/SSD\/developer\/ios\/Contacts\/Contacts\/Data\/Protocols\/ContactDataSource.swift","hash":"fa7ca14fd1d7a4eb21a6d607f4ca65268320a14d"},{"path":"\/Volumes\/SSD\/developer\/ios\/Contacts\/Contacts\/Data\/Protocols\/Wrappers\/CoreDataWrapperProtocol.swift","hash":"e3422d648d383802a8141a4e808c0a8f5871abae"},{"path":"\/Volumes\/SSD\/developer\/ios\/Contacts\/Contacts\/Domain\/Errors\/CustomError.swift","hash":"5ad6cdf9a25bfc30e6ede8c973bf02222f22ebb4"},{"path":"\/Volumes\/SSD\/developer\/ios\/Contacts\/Contacts\/Domain\/Models\/Contact.swift","hash":"bbcbb9f8cd91a289ad303fdf9d60f7d6055d6acb"},{"path":"\/Volumes\/SSD\/developer\/ios\/Contacts\/Contacts\/Domain\/Protocols\/Repositories\/ContactRepository.swift","hash":"10ff7da2fa69e9e16f148d0fbb83457c831609e5"},{"path":"\/Volumes\/SSD\/developer\/ios\/Contacts\/Contacts\/Domain\/Protocols\/UseCases\/Contact\/CreateContactUseCase.swift","hash":"3b19a0f8aca284ee6f7a86d80b4c472604a24ccd"},{"path":"\/Volumes\/SSD\/developer\/ios\/Contacts\/Contacts\/Domain\/Protocols\/UseCases\/Contact\/DeleteContactUseCase.swift","hash":"b1c5a02e2a98b7eb89f9e6faf2852212f6f3b759"},{"path":"\/Volumes\/SSD\/developer\/ios\/Contacts\/Contacts\/Domain\/Protocols\/UseCases\/Contact\/GetAllContactsUseCase.swift","hash":"cc0081f17aed7c782ff889b4d50f822347ec491f"},{"path":"\/Volumes\/SSD\/developer\/ios\/Contacts\/Contacts\/Domain\/Protocols\/UseCases\/Contact\/GetContactUseCase.swift","hash":"f0d06a267a1511fc8b28b48d818e512abf5fca18"},{"path":"\/Volumes\/SSD\/developer\/ios\/Contacts\/Contacts\/Domain\/Protocols\/UseCases\/Contact\/UpdateContactUseCase.swift","hash":"3d4a140912ba67d71dbead90598a2c2747639f56"},{"path":"\/Volumes\/SSD\/developer\/ios\/Contacts\/Contacts\/Domain\/UseCases\/Contact\/CreateContact.swift","hash":"a588166a824d16c590b78aced38029bfca679c77"},{"path":"\/Volumes\/SSD\/developer\/ios\/Contacts\/Contacts\/Domain\/UseCases\/Contact\/UpdateContact.swift","hash":"b5e4b8cd1c333cb2c36ddd49635c19d622438574"},{"path":"\/Volumes\/SSD\/developer\/ios\/Contacts\/Contacts\/Persistence.swift","hash":"c63bd9161d23be98630b8c90d058d1782abe8fd3"},{"path":"\/Volumes\/SSD\/developer\/ios\/Contacts\/Contacts\/Presentation\/Contact\/Create\/ContactCreateViewModel.swift","hash":"2cfc5be1b5c89cc2f152a3276e6225ee87ed6ba7"},{"path":"\/Volumes\/SSD\/developer\/ios\/Contacts\/Contacts\/Presentation\/Contact\/Edit\/ContactEditViewModel.swift","hash":"111d9857ce98dc082ec8338d733a785fe67cceb9"},{"path":"\/Volumes\/SSD\/developer\/ios\/Contacts\/Contacts\/Presentation\/Contact\/List\/ContactListViewModel.swift","hash":"cb8eeb908f929c7d2fac17d5254afd3478beb7bb"}],"configHash":"6cd547813610619b847d5f7109e8f2a0e93c71fd","dependencyPathsHash":"da39a3ee5e6b4b0d3255bfef95601890afd80709","targetPathsHash":"e47f950a9d7016f63266f9ffb2dfb3772ef82cce","mockedTypesHash":"da39a3ee5e6b4b0d3255bfef95601890afd80709","outputHash":"711d1c831f4c5561ca2fca64a2afd57348d0a34a","dependencies":[],"sourceRoot":"\/Volumes\/SSD\/developer\/ios\/Contacts","supportingFilePaths":[],"name":"Contacts","projectHash":"dfc45331116fd73d9abe3eb851135446f1316643"}